
Microsoft Visual Studio Solution File, Format Version 12.00
# Visual Studio Version 16
VisualStudioVersion = 16.0.810.8
MinimumVisualStudioVersion = 10.0.40219.1
Project("{FAE04EC0-301F-11D3-BF4B-00C04F79EFBC}") = "net5", "net5\net5.csproj", "{D1290E25-A699-4167-81B3-4EB4B540F7B7}"
EndProject
Project("{FAE04EC0-301F-11D3-BF4B-00C04F79EFBC}") = "net5.iOS", "net5.iOS\net5.iOS.csproj", "{00F2A590-1F90-408A-A8D1-42FE09687CEC}"
EndProject
Project("{FAE04EC0-301F-11D3-BF4B-00C04F79EFBC}") = "net5.Standard21", "net5.Standard21\net5.Standard21.csproj", "{C7AA8172-D090-4A40-B8E4-D119CCF20C7D}"
EndProject
Global
	GlobalSection(SolutionConfigurationPlatforms) = preSolution
		Debug|Any CPU = Debug|Any CPU
		Release|Any CPU = Release|Any CPU
		Debug|iPhoneSimulator = Debug|iPhoneSimulator
		Release|iPhoneSimulator = Release|iPhoneSimulator
		Debug|iPhone = Debug|iPhone
		Release|iPhone = Release|iPhone
	EndGlobalSection
	GlobalSection(ProjectConfigurationPlatforms) = postSolution
		{D1290E25-A699-4167-81B3-4EB4B540F7B7}.Debug|Any CPU.ActiveCfg = Debug|Any CPU
		{D1290E25-A699-4167-81B3-4EB4B540F7B7}.Release|Any CPU.ActiveCfg = Release|Any CPU
		{D1290E25-A699-4167-81B3-4EB4B540F7B7}.Debug|iPhoneSimulator.ActiveCfg = Debug|Any CPU
		{D1290E25-A699-4167-81B3-4EB4B540F7B7}.Release|iPhoneSimulator.ActiveCfg = Release|Any CPU
		{D1290E25-A699-4167-81B3-4EB4B540F7B7}.Debug|iPhone.ActiveCfg = Debug|Any CPU
		{D1290E25-A699-4167-81B3-4EB4B540F7B7}.Release|iPhone.ActiveCfg = Release|Any CPU
		{D1290E25-A699-4167-81B3-4EB4B540F7B7}.Debug|Any CPU.Build.0 = Debug|Any CPU
		{D1290E25-A699-4167-81B3-4EB4B540F7B7}.Release|Any CPU.Build.0 = Release|Any CPU
		{D1290E25-A699-4167-81B3-4EB4B540F7B7}.Debug|iPhoneSimulator.Build.0 = Debug|Any CPU
		{D1290E25-A699-4167-81B3-4EB4B540F7B7}.Release|iPhoneSimulator.Build.0 = Release|Any CPU
		{D1290E25-A699-4167-81B3-4EB4B540F7B7}.Debug|iPhone.Build.0 = Debug|Any CPU
		{D1290E25-A699-4167-81B3-4EB4B540F7B7}.Release|iPhone.Build.0 = Release|Any CPU
		{00F2A590-1F90-408A-A8D1-42FE09687CEC}.Debug|Any CPU.ActiveCfg = Debug|iPhoneSimulator
		{00F2A590-1F90-408A-A8D1-42FE09687CEC}.Debug|Any CPU.Build.0 = Debug|iPhoneSimulator
		{00F2A590-1F90-408A-A8D1-42FE09687CEC}.Release|Any CPU.ActiveCfg = Release|iPhoneSimulator
		{00F2A590-1F90-408A-A8D1-42FE09687CEC}.Release|Any CPU.Build.0 = Release|iPhoneSimulator
		{00F2A590-1F90-408A-A8D1-42FE09687CEC}.Debug|iPhoneSimulator.ActiveCfg = Debug|iPhoneSimulator
		{00F2A590-1F90-408A-A8D1-42FE09687CEC}.Debug|iPhoneSimulator.Build.0 = Debug|iPhoneSimulator
		{00F2A590-1F90-408A-A8D1-42FE09687CEC}.Release|iPhoneSimulator.ActiveCfg = Release|iPhoneSimulator
		{00F2A590-1F90-408A-A8D1-42FE09687CEC}.Release|iPhoneSimulator.Build.0 = Release|iPhoneSimulator
		{00F2A590-1F90-408A-A8D1-42FE09687CEC}.Debug|iPhone.ActiveCfg = Debug|iPhone
		{00F2A590-1F90-408A-A8D1-42FE09687CEC}.Debug|iPhone.Build.0 = Debug|iPhone
		{00F2A590-1F90-408A-A8D1-42FE09687CEC}.Release|iPhone.ActiveCfg = Release|iPhone
		{00F2A590-1F90-408A-A8D1-42FE09687CEC}.Release|iPhone.Build.0 = Release|iPhone
		{C7AA8172-D090-4A40-B8E4-D119CCF20C7D}.Debug|Any CPU.ActiveCfg = Debug|Any CPU
		{C7AA8172-D090-4A40-B8E4-D119CCF20C7D}.Debug|Any CPU.Build.0 = Debug|Any CPU
		{C7AA8172-D090-4A40-B8E4-D119CCF20C7D}.Release|Any CPU.ActiveCfg = Release|Any CPU
		{C7AA8172-D090-4A40-B8E4-D119CCF20C7D}.Release|Any CPU.Build.0 = Release|Any CPU
		{C7AA8172-D090-4A40-B8E4-D119CCF20C7D}.Debug|iPhoneSimulator.ActiveCfg = Debug|Any CPU
		{C7AA8172-D090-4A40-B8E4-D119CCF20C7D}.Debug|iPhoneSimulator.Build.0 = Debug|Any CPU
		{C7AA8172-D090-4A40-B8E4-D119CCF20C7D}.Release|iPhoneSimulator.ActiveCfg = Release|Any CPU
		{C7AA8172-D090-4A40-B8E4-D119CCF20C7D}.Release|iPhoneSimulator.Build.0 = Release|Any CPU
		{C7AA8172-D090-4A40-B8E4-D119CCF20C7D}.Debug|iPhone.ActiveCfg = Debug|Any CPU
		{C7AA8172-D090-4A40-B8E4-D119CCF20C7D}.Debug|iPhone.Build.0 = Debug|Any CPU
		{C7AA8172-D090-4A40-B8E4-D119CCF20C7D}.Release|iPhone.ActiveCfg = Release|Any CPU
		{C7AA8172-D090-4A40-B8E4-D119CCF20C7D}.Release|iPhone.Build.0 = Release|Any CPU
	EndGlobalSection
	GlobalSection(SolutionProperties) = preSolution
		HideSolutionNode = FALSE
	EndGlobalSection
	GlobalSection(ExtensibilityGlobals) = postSolution
		SolutionGuid = {41DEA869-6783-4C8C-B9B0-5F599103D44F}
	EndGlobalSection
EndGlobal
